<?xml version="1.0" encoding="utf-8"?>
<Project ToolsVersion="4.0" xmlns="http://schemas.microsoft.com/developer/msbuild/2003">
  <ItemGroup>
    <ClCompile Include="..\src\main.cpp" />
    <ClCompile Include="..\src\SubtitleApp.cpp" />
    <ClCompile Include="..\..\src\ofxSubtitle.cpp">
      <Filter>addons\ofxSubtitle</Filter>
    </ClCompile>
    <ClCompile Include="..\..\src\SubtitleData.cpp">
      <Filter>addons\ofxSubtitle</Filter>
    </ClCompile>
  </ItemGroup>
  <ItemGroup>
    <ClInclude Include="..\src\SubtitleApp.h" />
    <ClInclude Include="..\..\src\ofxSubtitle.h">
      <Filter>addons\ofxSubtitle</Filter>
    </ClInclude>
    <ClInclude Include="..\..\src\SubtitleData.h">
      <Filter>addons\ofxSubtitle</Filter>
    </ClInclude>
    <ClInclude Include="..\..\src\ofxSubtitle_p.h">
      <Filter>addons\ofxSubtitle</Filter>
    </ClInclude>
  </ItemGroup>
  <ItemGroup>
    <Filter Include="addons">
      <UniqueIdentifier>{9fdc6309-ca48-48fa-a178-00c046b67319}</UniqueIdentifier>
    </Filter>
    <Filter Include="addons\ofxSubtitle">
      <UniqueIdentifier>{e2716feb-2820-448e-8c6e-1706f61748f3}</UniqueIdentifier>
    </Filter>
  </ItemGroup>
</Project>